{
  "name": "user_manager",
  "version": "1.0.0",
  "lockfileVersion": 1,
  "requires": true,
  "dependencies": {
    "ractive": {
      "version": "1.3.11",
      "resolved": "https://registry.npmjs.org/ractive/-/ractive-1.3.11.tgz",
      "integrity": "sha512-oJiBBglrd8JQ0mjz1r4cAvPSDC7olfFkHVDaNkgBUw6oCitRtL+D4rR/7JYluYKUVOjHaav373vKdAOErNBUcA=="
    }
  }
}
